{
  "name": "@surveysui/frontend",
  "version": "0.0.1",
  "lockfileVersion": 3,
  "requires": true,
  "packages": {
    "": {
      "name": "@surveysui/frontend",
      "version": "0.0.1",
      "dependencies": {
        "@mysten/dapp-kit": "^0.14.39",
        "@mysten/sui": "^1.25.0",
        "@tanstack/react-query": "^5.75.7",
        "lucide-react": "^1.16.0",
        "qrcode": "^1.5.4",
        "react": "^18.3.1",
        "react-dom": "^18.3.1",
        "react-router-dom": "^6.30.0",
        "recharts": "^3.8.1"
      },
      "devDependencies": {
        "@playwright/test": "^1.49.0",
        "@tailwindcss/vite": "^4.1.6",
        "@testing-library/jest-dom": "^6.9.1",
        "@testing-library/react": "^16.3.2",
        "@testing-library/user-event": "^14.6.1",
        "@types/qrcode": "^1.5.6",
        "@types/react": "^18.3.20",
        "@types/react-dom": "^18.3.6",
        "@vitejs/plugin-react": "^4.4.1",
        "jsdom": "^29.1.1",
        "tailwindcss": "^4.1.6",
        "typescript": "^5.8.3",
        "vite": "^6.3.5",
        "vitest": "^3.2.1"
      }
    },
    "../node_modules/.pnpm/@mysten+dapp-kit@0.14.53_@tanstack+react-query@5.100.10_react@18.3.1__@types+react-dom@18.3.7_3htiz2mjt4fdzkbur43xbjedei/node_modules/@mysten/dapp-kit": {
      "version": "0.14.53",
      "license": "Apache-2.0",
      "dependencies": {
        "@mysten/sui": "1.24.0",
        "@mysten/wallet-standard": "0.13.29",
        "@mysten/zksend": "0.12.19",
        "@radix-ui/react-dialog": "^1.1.1",
        "@radix-ui/react-dropdown-menu": "^2.1.1",
        "@radix-ui/react-slot": "^1.1.0",
        "@vanilla-extract/css": "^1.15.3",
        "@vanilla-extract/dynamic": "^2.1.1",
        "@vanilla-extract/recipes": "^0.5.3",
        "clsx": "^2.1.1",
        "zustand": "^4.5.4"
      },
      "devDependencies": {
        "@mysten/build-scripts": "0.0.0",
        "@size-limit/preset-small-lib": "^11.1.4",
        "@tanstack/react-query": "^5.50.1",
        "@testing-library/dom": "^10.3.1",
        "@testing-library/jest-dom": "^6.4.6",
        "@testing-library/react": "^16.0.0",
        "@testing-library/user-event": "^14.5.2",
        "@types/react": "^18.3.3",
        "@vanilla-extract/esbuild-plugin": "^2.3.8",
        "@vanilla-extract/vite-plugin": "^4.0.13",
        "happy-dom": "^16.3.0",
        "jsdom": "^25.0.1",
        "react": "^18.3.1",
        "react-dom": "^18.3.1",
        "size-limit": "^11.1.4",
        "typescript": "^5.7.2",
        "vite": "^6.0.7",
        "vitest": "^2.1.8"
      },
      "peerDependencies": {
        "@tanstack/react-query": "^5.0.0",
        "react": "*"
      }
    },
    "../node_modules/.pnpm/@mysten+sui@1.45.2_typescript@5.9.3/node_modules/@mysten/sui": {
      "version": "1.45.2",
      "license": "Apache-2.0",
      "dependencies": {
        "@graphql-typed-document-node/core": "^3.2.0",
        "@mysten/bcs": "1.9.2",
        "@mysten/utils": "0.2.0",
        "@noble/curves": "=1.9.4",
        "@noble/hashes": "^1.8.0",
        "@protobuf-ts/grpcweb-transport": "^2.11.1",
        "@protobuf-ts/runtime": "^2.11.1",
        "@protobuf-ts/runtime-rpc": "^2.11.1",
        "@scure/base": "^1.2.6",
        "@scure/bip32": "^1.7.0",
        "@scure/bip39": "^1.6.0",
        "gql.tada": "^1.8.13",
        "graphql": "^16.11.0",
        "poseidon-lite": "0.2.1",
        "valibot": "^1.2.0"
      },
      "devDependencies": {
        "@0no-co/graphqlsp": "^1.15.0",
        "@graphql-codegen/add": "^5.0.3",
        "@graphql-codegen/cli": "^5.0.7",
        "@graphql-codegen/typed-document-node": "^5.1.2",
        "@graphql-codegen/typescript": "4.1.6",
        "@graphql-codegen/typescript-document-nodes": "4.0.16",
        "@graphql-codegen/typescript-operations": "^4.6.1",
        "@iarna/toml": "^2.2.5",
        "@mysten/build-scripts": "^0.0.0",
        "@parcel/watcher": "^2.5.1",
        "@types/node": "^22.15.29",
        "@types/tmp": "^0.2.6",
        "@types/ws": "^8.18.1",
        "cross-env": "^7.0.3",
        "graphql-config": "^5.1.5",
        "msw": "^2.11.1",
        "tmp": "^0.2.5",
        "ts-retry-promise": "^0.8.1",
        "typescript": "^5.9.2",
        "vite": "^7.1.5",
        "vite-tsconfig-paths": "^5.1.4",
        "vitest": "^3.2.4",
        "wait-on": "^9.0.1",
        "ws": "^8.18.3"
      },
      "engines": {
        "node": ">=18"
      }
    },
    "../node_modules/.pnpm/@playwright+test@1.60.0/node_modules/@playwright/test": {
      "version": "1.60.0",
      "dev": true,
      "license": "Apache-2.0",
      "dependencies": {
        "playwright": "1.60.0"
      },
      "bin": {
        "playwright": "cli.js"
      },
      "engines": {
        "node": ">=18"
      }
    },
    "../node_modules/.pnpm/@tailwindcss+vite@4.3.0_vite@6.4.2_@types+node@22.19.19_jiti@2.7.0_lightningcss@1.32.0_tsx@4.22.0_/node_modules/@tailwindcss/vite": {
      "version": "4.3.0",
      "dev": true,
      "license": "MIT",
      "dependencies": {
        "@tailwindcss/node": "4.3.0",
        "@tailwindcss/oxide": "4.3.0",
        "tailwindcss": "4.3.0"
      },
      "devDependencies": {
        "@types/node": "^22.19.17",
        "vite": "^8.0.10"
      },
      "peerDependencies": {
        "vite": "^5.2.0 || ^6 || ^7 || ^8"
      }
    },
    "../node_modules/.pnpm/@tanstack+react-query@5.100.10_react@18.3.1/node_modules/@tanstack/react-query": {
      "version": "5.100.10",
      "license": "MIT",
      "dependencies": {
        "@tanstack/query-core": "5.100.10"
      },
      "devDependencies": {
        "@tanstack/query-persist-client-core": "5.100.10",
        "@tanstack/query-test-utils": "0.0.0",
        "@testing-library/react": "^16.1.0",
        "@testing-library/react-render-stream": "^2.0.2",
        "@types/react": "^19.2.7",
        "@types/react-dom": "^19.2.3",
        "@vitejs/plugin-react": "^4.3.4",
        "cpy-cli": "^5.0.0",
        "npm-run-all2": "^5.0.0",
        "react": "^19.2.1",
        "react-dom": "^19.2.1",
        "react-error-boundary": "^4.1.2"
      },
      "funding": {
        "type": "github",
        "url": "https://github.com/sponsors/tannerlinsley"
      },
      "peerDependencies": {
        "react": "^18 || ^19"
      }
    },
    "../node_modules/.pnpm/@testing-library+jest-dom@6.9.1/node_modules/@testing-library/jest-dom": {
      "version": "6.9.1",
      "dev": true,
      "license": "MIT",
      "dependencies": {
        "@adobe/css-tools": "^4.4.0",
        "aria-query": "^5.0.0",
        "css.escape": "^1.5.1",
        "dom-accessibility-api": "^0.6.3",
        "picocolors": "^1.1.1",
        "redent": "^3.0.0"
      },
      "devDependencies": {
        "@jest/globals": "^29.6.2",
        "@rollup/plugin-commonjs": "^25.0.4",
        "@types/bun": "latest",
        "@types/web": "latest",
        "expect": "^29.6.2",
        "jest-environment-jsdom-sixteen": "^1.0.3",
        "jest-watch-select-projects": "^2.0.0",
        "jsdom": "^16.2.1",
        "kcd-scripts": "^14.0.0",
        "pretty-format": "^25.1.0",
        "rollup": "^3.28.1",
        "rollup-plugin-delete": "^2.0.0",
        "typescript": "^5.1.6",
        "vitest": "^0.34.1"
      },
      "engines": {
        "node": ">=14",
        "npm": ">=6",
        "yarn": ">=1"
      }
    },
    "../node_modules/.pnpm/@testing-library+react@16.3.2_@testing-library+dom@10.4.1_@types+react-dom@18.3.7_@types+reac_spm2j6wuon27jfezwgjvqbbvgm/node_modules/@testing-library/react": {
      "version": "16.3.2",
      "dev": true,
      "license": "MIT",
      "dependencies": {
        "@babel/runtime": "^7.12.5"
      },
      "devDependencies": {
        "@testing-library/dom": "^10.0.0",
        "@testing-library/jest-dom": "^5.11.6",
        "@types/react": "^19.0.0",
        "@types/react-dom": "^19.0.0",
        "chalk": "^4.1.2",
        "dotenv-cli": "^4.0.0",
        "jest-diff": "^29.7.0",
        "kcd-scripts": "^13.0.0",
        "npm-run-all2": "^6.2.6",
        "react": "^19.0.0",
        "react-dom": "^19.0.0",
        "rimraf": "^3.0.2",
        "typescript": "^5.9.3"
      },
      "engines": {
        "node": ">=18"
      },
      "peerDependencies": {
        "@testing-library/dom": "^10.0.0",
        "@types/react": "^18.0.0 || ^19.0.0",
        "@types/react-dom": "^18.0.0 || ^19.0.0",
        "react": "^18.0.0 || ^19.0.0",
        "react-dom": "^18.0.0 || ^19.0.0"
      },
      "peerDependenciesMeta": {
        "@types/react": {
          "optional": true
        },
        "@types/react-dom": {
          "optional": true
        }
      }
    },
    "../node_modules/.pnpm/@testing-library+user-event@14.6.1_@testing-library+dom@10.4.1/node_modules/@testing-library/user-event": {
      "version": "14.6.1",
      "dev": true,
      "license": "MIT",
      "devDependencies": {
        "@esbuild-plugins/node-modules-polyfill": "^0.2.2",
        "@ph.fritsche/scripts-config": "^2.4.0",
        "@ph.fritsche/toolbox": "^1.0.0-alpha.11",
        "@testing-library/dom": "^10.4.0",
        "@testing-library/jest-dom": "^5.16.3",
        "@testing-library/react": "^16.1.0",
        "@types/jest-in-case": "^1.0.3",
        "@types/react": "^18.0.25",
        "@types/sinonjs__fake-timers": "^8.1.2",
        "css.escape": "^1.5.1",
        "esbuild": "^0.19.10",
        "esbuild-plugin-globals": "^0.2.0",
        "eslint-import-resolver-typescript": "^3.5.2",
        "eslint-plugin-local-rules": "^1.3.2",
        "expect": "^28.1.3",
        "is-ci": "^3.0.1",
        "istanbul-lib-coverage": "^3.2.0",
        "istanbul-lib-report": "^3.0.0",
        "istanbul-lib-source-maps": "^4.0.1",
        "istanbul-reports": "^3.1.5",
        "jest-in-case": "^1.0.2",
        "jest-mock": "^28.1.3",
        "jest-serializer-ansi": "^1.0.3",
        "jsdom": "^20.0.3",
        "kcd-scripts": "^12.1.0",
        "react": "^18.0.0",
        "react-dom": "^18.0.0",
        "shared-scripts": "^1.5.1",
        "ts-node": "^10.9.1",
        "typescript": "^4.9.3"
      },
      "engines": {
        "node": ">=12",
        "npm": ">=6"
      },
      "peerDependencies": {
        "@testing-library/dom": ">=7.21.4"
      }
    },
    "../node_modules/.pnpm/@types+qrcode@1.5.6/node_modules/@types/qrcode": {
      "version": "1.5.6",
      "dev": true,
      "license": "MIT",
      "dependencies": {
        "@types/node": "*"
      }
    },
    "../node_modules/.pnpm/@types+react-dom@18.3.7_@types+react@18.3.28/node_modules/@types/react-dom": {
      "version": "18.3.7",
      "dev": true,
      "license": "MIT",
      "peerDependencies": {
        "@types/react": "^18.0.0"
      }
    },
    "../node_modules/.pnpm/@types+react@18.3.28/node_modules/@types/react": {
      "version": "18.3.28",
      "dev": true,
      "license": "MIT",
      "dependencies": {
        "@types/prop-types": "*",
        "csstype": "^3.2.2"
      }
    },
    "../node_modules/.pnpm/@vitejs+plugin-react@4.7.0_vite@6.4.2_@types+node@22.19.19_jiti@2.7.0_lightningcss@1.32.0_tsx@4.22.0_/node_modules/@vitejs/plugin-react": {
      "version": "4.7.0",
      "dev": true,
      "license": "MIT",
      "dependencies": {
        "@babel/core": "^7.28.0",
        "@babel/plugin-transform-react-jsx-self": "^7.27.1",
        "@babel/plugin-transform-react-jsx-source": "^7.27.1",
        "@rolldown/pluginutils": "1.0.0-beta.27",
        "@types/babel__core": "^7.20.5",
        "react-refresh": "^0.17.0"
      },
      "devDependencies": {
        "@vitejs/react-common": "workspace:*",
        "babel-plugin-react-compiler": "19.1.0-rc.2",
        "react": "^19.1.0",
        "react-dom": "^19.1.0",
        "rolldown": "1.0.0-beta.27",
        "tsdown": "^0.12.9",
        "vitest": "^3.2.4"
      },
      "engines": {
        "node": "^14.18.0 || >=16.0.0"
      },
      "peerDependencies": {
        "vite": "^4.2.0 || ^5.0.0 || ^6.0.0 || ^7.0.0"
      }
    },
    "../node_modules/.pnpm/jsdom@29.1.1_@noble+hashes@1.8.0/node_modules/jsdom": {
      "version": "29.1.1",
      "dev": true,
      "license": "MIT",
      "dependencies": {
        "@asamuzakjp/css-color": "^5.1.11",
        "@asamuzakjp/dom-selector": "^7.1.1",
        "@bramus/specificity": "^2.4.2",
        "@csstools/css-syntax-patches-for-csstree": "^1.1.3",
        "@exodus/bytes": "^1.15.0",
        "css-tree": "^3.2.1",
        "data-urls": "^7.0.0",
        "decimal.js": "^10.6.0",
        "html-encoding-sniffer": "^6.0.0",
        "is-potential-custom-element-name": "^1.0.1",
        "lru-cache": "^11.3.5",
        "parse5": "^8.0.1",
        "saxes": "^6.0.0",
        "symbol-tree": "^3.2.4",
        "tough-cookie": "^6.0.1",
        "undici": "^7.25.0",
        "w3c-xmlserializer": "^5.0.0",
        "webidl-conversions": "^8.0.1",
        "whatwg-mimetype": "^5.0.0",
        "whatwg-url": "^16.0.1",
        "xml-name-validator": "^5.0.0"
      },
      "devDependencies": {
        "@domenic/eslint-config": "^5.1.0",
        "@stylistic/eslint-plugin": "^5.10.0",
        "@webref/css": "^8.5.0",
        "eslint": "^10.2.1",
        "eslint-plugin-html": "^8.1.4",
        "eslint-plugin-n": "^17.24.0",
        "globals": "^17.5.0",
        "js-yaml": "^4.1.1",
        "minimatch": "^10.2.5",
        "mocha": "^11.7.5",
        "mocha-sugar-free": "^1.4.0",
        "npm-run-all2": "^8.0.4",
        "opener": "^1.5.2",
        "pngjs": "^7.0.0",
        "semver": "^7.7.4",
        "server-destroy": "^1.0.1",
        "tinybench": "^6.0.0",
        "webidl2": "^24.5.0",
        "webidl2js": "^19.1.0",
        "wireit": "^0.14.12"
      },
      "engines": {
        "node": "^20.19.0 || ^22.13.0 || >=24.0.0"
      },
      "peerDependencies": {
        "canvas": "^3.0.0"
      },
      "peerDependenciesMeta": {
        "canvas": {
          "optional": true
        }
      }
    },
    "../node_modules/.pnpm/qrcode@1.5.4/node_modules/qrcode": {
      "version": "1.5.4",
      "license": "MIT",
      "dependencies": {
        "dijkstrajs": "^1.0.1",
        "pngjs": "^5.0.0",
        "yargs": "^15.3.1"
      },
      "bin": {
        "qrcode": "bin/qrcode"
      },
      "devDependencies": {
        "@babel/core": "^7.9.0",
        "@babel/preset-env": "^7.9.5",
        "@rollup/plugin-commonjs": "^11.1.0",
        "@rollup/plugin-node-resolve": "^7.1.3",
        "browserify": "^16.5.1",
        "canvas": "^2.8.0",
        "canvasutil": "0.0.4",
        "colors": "^1.4.0",
        "express": "^4.17.1",
        "htmlparser2": "^4.1.0",
        "rollup": "^2.6.1",
        "rollup-plugin-babel": "^4.4.0",
        "rollup-plugin-terser": "^5.3.0",
        "sinon": "^9.0.2",
        "standard": "^16.0.4",
        "tap": "^16.2.0"
      },
      "engines": {
        "node": ">=10.13.0"
      }
    },
    "../node_modules/.pnpm/react-dom@18.3.1_react@18.3.1/node_modules/react-dom": {
      "version": "18.3.1",
      "license": "MIT",
      "dependencies": {
        "loose-envify": "^1.1.0",
        "scheduler": "^0.23.2"
      },
      "peerDependencies": {
        "react": "^18.3.1"
      }
    },
    "../node_modules/.pnpm/react-router-dom@6.30.3_react-dom@18.3.1_react@18.3.1__react@18.3.1/node_modules/react-router-dom": {
      "version": "6.30.3",
      "license": "MIT",
      "dependencies": {
        "@remix-run/router": "1.23.2",
        "react-router": "6.30.3"
      },
      "devDependencies": {
        "react": "^18.2.0",
        "react-dom": "^18.2.0"
      },
      "engines": {
        "node": ">=14.0.0"
      },
      "peerDependencies": {
        "react": ">=16.8",
        "react-dom": ">=16.8"
      }
    },
    "../node_modules/.pnpm/react@18.3.1/node_modules/react": {
      "version": "18.3.1",
      "license": "MIT",
      "dependencies": {
        "loose-envify": "^1.1.0"
      },
      "engines": {
        "node": ">=0.10.0"
      }
    },
    "../node_modules/.pnpm/recharts@3.8.1_@types+react@18.3.28_react-dom@18.3.1_react@18.3.1__react-is@17.0.2_react@18.3.1_redux@5.0.1/node_modules/recharts": {
      "version": "3.8.1",
      "license": "MIT",
      "workspaces": [
        "www"
      ],
      "dependencies": {
        "@reduxjs/toolkit": "^1.9.0 || 2.x.x",
        "clsx": "^2.1.1",
        "decimal.js-light": "^2.5.1",
        "es-toolkit": "^1.39.3",
        "eventemitter3": "^5.0.1",
        "immer": "^10.1.1",
        "react-redux": "8.x.x || 9.x.x",
        "reselect": "5.1.1",
        "tiny-invariant": "^1.3.3",
        "use-sync-external-store": "^1.2.2",
        "victory-vendor": "^37.0.2"
      },
      "devDependencies": {
        "@babel/cli": "^7.24.8",
        "@babel/core": "^7.24.9",
        "@babel/preset-env": "^7.29.0",
        "@babel/preset-react": "^7.28.5",
        "@babel/preset-typescript": "^7.28.5",
        "@babel/runtime": "^7.26.10",
        "@chromatic-com/storybook": "^4.0.1",
        "@codecov/bundle-analyzer": "^1.9.1",
        "@eslint-community/eslint-plugin-eslint-comments": "^4.5.0",
        "@eslint/compat": "^1.3.2",
        "@eslint/js": "^9.35.0",
        "@playwright/experimental-ct-react": "1.58.2",
        "@recharts/devtools": "^0.0.11",
        "@reduxjs/toolkit": "^1.9.7",
        "@rollup/plugin-babel": "^6.1.0",
        "@rollup/plugin-node-resolve": "^16.0.3",
        "@stackblitz/sdk": "^1.11.0",
        "@storybook/addon-a11y": "^9.0.17",
        "@storybook/addon-docs": "^9.0.17",
        "@storybook/addon-links": "^9.0.17",
        "@storybook/addon-onboarding": "^9.0.17",
        "@storybook/addon-vitest": "^9.0.17",
        "@storybook/builder-vite": "^9.0.17",
        "@storybook/icons": "^1.2.12",
        "@storybook/react-vite": "^9.0.17",
        "@stryker-mutator/typescript-checker": "^9.2.0",
        "@stryker-mutator/vitest-runner": "^9.2.0",
        "@testing-library/jest-dom": "^6.4.8",
        "@testing-library/react": "^16.0.0",
        "@testing-library/user-event": "^14.5.2",
        "@types/d3-interpolate": "^3.0.4",
        "@types/d3-shape": "^3.1.6",
        "@types/d3-time-format": "^4.0.3",
        "@types/node": "24.x.x",
        "@types/react": "^18.3.3",
        "@types/react-dom": "^18.3.0",
        "@types/react-is": "^18.3.0",
        "@vitejs/plugin-react": "^4.3.1",
        "@vitest/browser": "3.2.4",
        "@vitest/coverage-v8": "^3.2.3",
        "babel-loader": "^9.1.3",
        "babel-plugin-dev-expression": "^0.2.3",
        "babel-plugin-transform-define": "^2.1.4",
        "browserslist": "^4.23.2",
        "bundlewatch": "^0.4.1",
        "chromatic": "^11.5.6",
        "cross-env": "^7.0.3",
        "d3-scale-chromatic": "^3.1.0",
        "d3-time": "^3.1.0",
        "d3-time-format": "^4.1.0",
        "diff": "^8.0.2",
        "eslint": "^9.35.0",
        "eslint-config-airbnb-extended": "^2.2.0",
        "eslint-config-prettier": "^10.1.8",
        "eslint-import-resolver-typescript": "^4.4.4",
        "eslint-plugin-import": "^2.32.0",
        "eslint-plugin-jsdoc": "^61.5.0",
        "eslint-plugin-jsx-a11y": "^6.10.2",
        "eslint-plugin-prettier": "^5.5.4",
        "eslint-plugin-react": "^7.37.5",
        "eslint-plugin-react-hooks": "^5.2.0",
        "eslint-plugin-react-perf": "^3.3.3",
        "eslint-plugin-storybook": "^9.1.5",
        "glob": "^11.0.0",
        "globals": "^16.3.0",
        "husky": "^9.1.1",
        "jsdom": "^24.1.1",
        "lint-staged": "^15.2.7",
        "marked": "^17.0.1",
        "playwright": "1.58.2",
        "prettier": "^3.6.2",
        "react": "^18.3.1",
        "react-dom": "^18.3.1",
        "react-is": "^18.3.1",
        "react-redux": "^8.1.3",
        "rimraf": "^6.0.1",
        "rollup": "^4.40.1",
        "rollup-plugin-esbuild": "^6.2.1",
        "storybook": "^9.0.17",
        "terser": "^5.46.0",
        "terser-webpack-plugin": "^5.3.10",
        "ts-loader": "^9.5.1",
        "ts-morph": "^27.0.2",
        "typescript": "^5.7.2",
        "typescript-eslint": "^8.42.0",
        "update-browserslist-db": "^1.1.0",
        "vitest": "^3.2.3",
        "vitest-axe": "^0.1.0",
        "webpack": "^5.93.0",
        "webpack-bundle-analyzer": "^4.10.2",
        "webpack-cli": "^5.1.4"
      },
      "engines": {
        "node": ">=18"
      },
      "peerDependencies": {
        "react": "^16.8.0 || ^17.0.0 || ^18.0.0 || ^19.0.0",
        "react-dom": "^16.0.0 || ^17.0.0 || ^18.0.0 || ^19.0.0",
        "react-is": "^16.8.0 || ^17.0.0 || ^18.0.0 || ^19.0.0"
      }
    },
    "../node_modules/.pnpm/tailwindcss@4.3.0/node_modules/tailwindcss": {
      "version": "4.3.0",
      "dev": true,
      "license": "MIT",
      "devDependencies": {
        "@jridgewell/remapping": "^2.3.5",
        "@tailwindcss/oxide": "^4.3.0",
        "@types/node": "^22.19.17",
        "dedent": "1.7.2",
        "lightningcss": "1.32.0",
        "magic-string": "^0.30.21",
        "source-map-js": "^1.2.1"
      }
    },
    "../node_modules/.pnpm/typescript@5.9.3/node_modules/typescript": {
      "version": "5.9.3",
      "dev": true,
      "license": "Apache-2.0",
      "bin": {
        "tsc": "bin/tsc",
        "tsserver": "bin/tsserver"
      },
      "devDependencies": {
        "@dprint/formatter": "^0.4.1",
        "@dprint/typescript": "0.93.4",
        "@esfx/canceltoken": "^1.0.0",
        "@eslint/js": "^9.20.0",
        "@octokit/rest": "^21.1.1",
        "@types/chai": "^4.3.20",
        "@types/diff": "^7.0.1",
        "@types/minimist": "^1.2.5",
        "@types/mocha": "^10.0.10",
        "@types/ms": "^0.7.34",
        "@types/node": "latest",
        "@types/source-map-support": "^0.5.10",
        "@types/which": "^3.0.4",
        "@typescript-eslint/rule-tester": "^8.24.1",
        "@typescript-eslint/type-utils": "^8.24.1",
        "@typescript-eslint/utils": "^8.24.1",
        "azure-devops-node-api": "^14.1.0",
        "c8": "^10.1.3",
        "chai": "^4.5.0",
        "chokidar": "^4.0.3",
        "diff": "^7.0.0",
        "dprint": "^0.49.0",
        "esbuild": "^0.25.0",
        "eslint": "^9.20.1",
        "eslint-formatter-autolinkable-stylish": "^1.4.0",
        "eslint-plugin-regexp": "^2.7.0",
        "fast-xml-parser": "^4.5.2",
        "glob": "^10.4.5",
        "globals": "^15.15.0",
        "hereby": "^1.10.0",
        "jsonc-parser": "^3.3.1",
        "knip": "^5.44.4",
        "minimist": "^1.2.8",
        "mocha": "^10.8.2",
        "mocha-fivemat-progress-reporter": "^0.1.0",
        "monocart-coverage-reports": "^2.12.1",
        "ms": "^2.1.3",
        "picocolors": "^1.1.1",
        "playwright": "^1.50.1",
        "source-map-support": "^0.5.21",
        "tslib": "^2.8.1",
        "typescript": "^5.7.3",
        "typescript-eslint": "^8.24.1",
        "which": "^3.0.1"
      },
      "engines": {
        "node": ">=14.17"
      }
    },
    "../node_modules/.pnpm/vite@6.4.2_@types+node@22.19.19_jiti@2.7.0_lightningcss@1.32.0_tsx@4.22.0/node_modules/vite": {
      "version": "6.4.2",
      "dev": true,
      "license": "MIT",
      "dependencies": {
        "esbuild": "^0.25.0",
        "fdir": "^6.4.4",
        "picomatch": "^4.0.2",
        "postcss": "^8.5.3",
        "rollup": "^4.34.9",
        "tinyglobby": "^0.2.13"
      },
      "bin": {
        "vite": "bin/vite.js"
      },
      "devDependencies": {
        "@ampproject/remapping": "^2.3.0",
        "@babel/parser": "^7.27.0",
        "@jridgewell/trace-mapping": "^0.3.25",
        "@polka/compression": "^1.0.0-next.25",
        "@rollup/plugin-alias": "^5.1.1",
        "@rollup/plugin-commonjs": "^28.0.3",
        "@rollup/plugin-dynamic-import-vars": "2.1.4",
        "@rollup/plugin-json": "^6.1.0",
        "@rollup/plugin-node-resolve": "16.0.1",
        "@rollup/pluginutils": "^5.1.4",
        "@types/escape-html": "^1.0.4",
        "@types/pnpapi": "^0.0.5",
        "artichokie": "^0.3.1",
        "cac": "^6.7.14",
        "chokidar": "^3.6.0",
        "connect": "^3.7.0",
        "convert-source-map": "^2.0.0",
        "cors": "^2.8.5",
        "cross-spawn": "^7.0.6",
        "debug": "^4.4.0",
        "dep-types": "link:./src/types",
        "dotenv": "^16.5.0",
        "dotenv-expand": "^12.0.2",
        "es-module-lexer": "^1.6.0",
        "escape-html": "^1.0.3",
        "estree-walker": "^3.0.3",
        "etag": "^1.8.1",
        "http-proxy": "^1.18.1",
        "launch-editor-middleware": "^2.10.0",
        "lightningcss": "^1.29.3",
        "magic-string": "^0.30.17",
        "mlly": "^1.7.4",
        "mrmime": "^2.0.1",
        "nanoid": "^5.1.5",
        "open": "^10.1.1",
        "parse5": "^7.2.1",
        "pathe": "^2.0.3",
        "periscopic": "^4.0.2",
        "picocolors": "^1.1.1",
        "postcss-import": "^16.1.0",
        "postcss-load-config": "^6.0.1",
        "postcss-modules": "^6.0.1",
        "resolve.exports": "^2.0.3",
        "rollup-plugin-dts": "^6.2.1",
        "rollup-plugin-esbuild": "^6.2.1",
        "rollup-plugin-license": "^3.6.0",
        "sass": "^1.86.3",
        "sass-embedded": "^1.86.3",
        "sirv": "^3.0.2",
        "source-map-support": "^0.5.21",
        "strip-literal": "^3.0.0",
        "terser": "^5.39.0",
        "tsconfck": "^3.1.5",
        "tslib": "^2.8.1",
        "types": "link:./types",
        "ufo": "^1.6.1",
        "ws": "^8.18.1"
      },
      "engines": {
        "node": "^18.0.0 || ^20.0.0 || >=22.0.0"
      },
      "funding": {
        "url": "https://github.com/vitejs/vite?sponsor=1"
      },
      "optionalDependencies": {
        "fsevents": "~2.3.3"
      },
      "peerDependencies": {
        "@types/node": "^18.0.0 || ^20.0.0 || >=22.0.0",
        "jiti": ">=1.21.0",
        "less": "*",
        "lightningcss": "^1.21.0",
        "sass": "*",
        "sass-embedded": "*",
        "stylus": "*",
        "sugarss": "*",
        "terser": "^5.16.0",
        "tsx": "^4.8.1",
        "yaml": "^2.4.2"
      },
      "peerDependenciesMeta": {
        "@types/node": {
          "optional": true
        },
        "jiti": {
          "optional": true
        },
        "less": {
          "optional": true
        },
        "lightningcss": {
          "optional": true
        },
        "sass": {
          "optional": true
        },
        "sass-embedded": {
          "optional": true
        },
        "stylus": {
          "optional": true
        },
        "sugarss": {
          "optional": true
        },
        "terser": {
          "optional": true
        },
        "tsx": {
          "optional": true
        },
        "yaml": {
          "optional": true
        }
      }
    },
    "../node_modules/.pnpm/vitest@3.2.4_@types+node@22.19.19_jiti@2.7.0_jsdom@29.1.1_@noble+hashes@1.8.0__lightningcss@1.32.0_tsx@4.22.0/node_modules/vitest": {
      "version": "3.2.4",
      "dev": true,
      "license": "MIT",
      "dependencies": {
        "@types/chai": "^5.2.2",
        "@vitest/expect": "3.2.4",
        "@vitest/mocker": "3.2.4",
        "@vitest/pretty-format": "^3.2.4",
        "@vitest/runner": "3.2.4",
        "@vitest/snapshot": "3.2.4",
        "@vitest/spy": "3.2.4",
        "@vitest/utils": "3.2.4",
        "chai": "^5.2.0",
        "debug": "^4.4.1",
        "expect-type": "^1.2.1",
        "magic-string": "^0.30.17",
        "pathe": "^2.0.3",
        "picomatch": "^4.0.2",
        "std-env": "^3.9.0",
        "tinybench": "^2.9.0",
        "tinyexec": "^0.3.2",
        "tinyglobby": "^0.2.14",
        "tinypool": "^1.1.1",
        "tinyrainbow": "^2.0.0",
        "vite": "^5.0.0 || ^6.0.0 || ^7.0.0-0",
        "vite-node": "3.2.4",
        "why-is-node-running": "^2.3.0"
      },
      "bin": {
        "vitest": "vitest.mjs"
      },
      "devDependencies": {
        "@ampproject/remapping": "^2.3.0",
        "@antfu/install-pkg": "^1.1.0",
        "@edge-runtime/vm": "^5.0.0",
        "@sinonjs/fake-timers": "14.0.0",
        "@types/debug": "^4.1.12",
        "@types/estree": "^1.0.8",
        "@types/istanbul-lib-coverage": "^2.0.6",
        "@types/istanbul-reports": "^3.0.4",
        "@types/jsdom": "^21.1.7",
        "@types/mime": "^4.0.0",
        "@types/node": "^22.15.32",
        "@types/picomatch": "^4.0.0",
        "@types/prompts": "^2.4.9",
        "@types/sinonjs__fake-timers": "^8.1.5",
        "acorn-walk": "^8.3.4",
        "birpc": "2.4.0",
        "cac": "^6.7.14",
        "chai-subset": "^1.6.0",
        "find-up": "^6.3.0",
        "flatted": "^3.3.3",
        "happy-dom": "^17.6.3",
        "jsdom": "^26.1.0",
        "local-pkg": "^1.1.1",
        "mime": "^4.0.7",
        "pretty-format": "^29.7.0",
        "prompts": "^2.4.2",
        "strip-literal": "^3.0.0",
        "ws": "^8.18.2"
      },
      "engines": {
        "node": "^18.0.0 || ^20.0.0 || >=22.0.0"
      },
      "funding": {
        "url": "https://opencollective.com/vitest"
      },
      "peerDependencies": {
        "@edge-runtime/vm": "*",
        "@types/debug": "^4.1.12",
        "@types/node": "^18.0.0 || ^20.0.0 || >=22.0.0",
        "@vitest/browser": "3.2.4",
        "@vitest/ui": "3.2.4",
        "happy-dom": "*",
        "jsdom": "*"
      },
      "peerDependenciesMeta": {
        "@edge-runtime/vm": {
          "optional": true
        },
        "@types/debug": {
          "optional": true
        },
        "@types/node": {
          "optional": true
        },
        "@vitest/browser": {
          "optional": true
        },
        "@vitest/ui": {
          "optional": true
        },
        "happy-dom": {
          "optional": true
        },
        "jsdom": {
          "optional": true
        }
      }
    },
    "node_modules/@mysten/dapp-kit": {
      "resolved": "../node_modules/.pnpm/@mysten+dapp-kit@0.14.53_@tanstack+react-query@5.100.10_react@18.3.1__@types+react-dom@18.3.7_3htiz2mjt4fdzkbur43xbjedei/node_modules/@mysten/dapp-kit",
      "link": true
    },
    "node_modules/@mysten/sui": {
      "resolved": "../node_modules/.pnpm/@mysten+sui@1.45.2_typescript@5.9.3/node_modules/@mysten/sui",
      "link": true
    },
    "node_modules/@playwright/test": {
      "resolved": "../node_modules/.pnpm/@playwright+test@1.60.0/node_modules/@playwright/test",
      "link": true
    },
    "node_modules/@tailwindcss/vite": {
      "resolved": "../node_modules/.pnpm/@tailwindcss+vite@4.3.0_vite@6.4.2_@types+node@22.19.19_jiti@2.7.0_lightningcss@1.32.0_tsx@4.22.0_/node_modules/@tailwindcss/vite",
      "link": true
    },
    "node_modules/@tanstack/react-query": {
      "resolved": "../node_modules/.pnpm/@tanstack+react-query@5.100.10_react@18.3.1/node_modules/@tanstack/react-query",
      "link": true
    },
    "node_modules/@testing-library/jest-dom": {
      "resolved": "../node_modules/.pnpm/@testing-library+jest-dom@6.9.1/node_modules/@testing-library/jest-dom",
      "link": true
    },
    "node_modules/@testing-library/react": {
      "resolved": "../node_modules/.pnpm/@testing-library+react@16.3.2_@testing-library+dom@10.4.1_@types+react-dom@18.3.7_@types+reac_spm2j6wuon27jfezwgjvqbbvgm/node_modules/@testing-library/react",
      "link": true
    },
    "node_modules/@testing-library/user-event": {
      "resolved": "../node_modules/.pnpm/@testing-library+user-event@14.6.1_@testing-library+dom@10.4.1/node_modules/@testing-library/user-event",
      "link": true
    },
    "node_modules/@types/qrcode": {
      "resolved": "../node_modules/.pnpm/@types+qrcode@1.5.6/node_modules/@types/qrcode",
      "link": true
    },
    "node_modules/@types/react": {
      "resolved": "../node_modules/.pnpm/@types+react@18.3.28/node_modules/@types/react",
      "link": true
    },
    "node_modules/@types/react-dom": {
      "resolved": "../node_modules/.pnpm/@types+react-dom@18.3.7_@types+react@18.3.28/node_modules/@types/react-dom",
      "link": true
    },
    "node_modules/@vitejs/plugin-react": {
      "resolved": "../node_modules/.pnpm/@vitejs+plugin-react@4.7.0_vite@6.4.2_@types+node@22.19.19_jiti@2.7.0_lightningcss@1.32.0_tsx@4.22.0_/node_modules/@vitejs/plugin-react",
      "link": true
    },
    "node_modules/jsdom": {
      "resolved": "../node_modules/.pnpm/jsdom@29.1.1_@noble+hashes@1.8.0/node_modules/jsdom",
      "link": true
    },
    "node_modules/lucide-react": {
      "version": "1.16.0",
      "resolved": "https://registry.npmjs.org/lucide-react/-/lucide-react-1.16.0.tgz",
      "integrity": "sha512-dYwyPzb4MEKpGUmNYk3WKWPnMrHs3FKM+q94kAnJrcDIqqn1hq2xY8scaS2ovsOCM5D51ey2gaRG3PBb1vgoYQ==",
      "license": "ISC",
      "peerDependencies": {
        "react": "^16.5.1 || ^17.0.0 || ^18.0.0 || ^19.0.0"
      }
    },
    "node_modules/qrcode": {
      "resolved": "../node_modules/.pnpm/qrcode@1.5.4/node_modules/qrcode",
      "link": true
    },
    "node_modules/react": {
      "resolved": "../node_modules/.pnpm/react@18.3.1/node_modules/react",
      "link": true
    },
    "node_modules/react-dom": {
      "resolved": "../node_modules/.pnpm/react-dom@18.3.1_react@18.3.1/node_modules/react-dom",
      "link": true
    },
    "node_modules/react-router-dom": {
      "resolved": "../node_modules/.pnpm/react-router-dom@6.30.3_react-dom@18.3.1_react@18.3.1__react@18.3.1/node_modules/react-router-dom",
      "link": true
    },
    "node_modules/recharts": {
      "resolved": "../node_modules/.pnpm/recharts@3.8.1_@types+react@18.3.28_react-dom@18.3.1_react@18.3.1__react-is@17.0.2_react@18.3.1_redux@5.0.1/node_modules/recharts",
      "link": true
    },
    "node_modules/tailwindcss": {
      "resolved": "../node_modules/.pnpm/tailwindcss@4.3.0/node_modules/tailwindcss",
      "link": true
    },
    "node_modules/typescript": {
      "resolved": "../node_modules/.pnpm/typescript@5.9.3/node_modules/typescript",
      "link": true
    },
    "node_modules/vite": {
      "resolved": "../node_modules/.pnpm/vite@6.4.2_@types+node@22.19.19_jiti@2.7.0_lightningcss@1.32.0_tsx@4.22.0/node_modules/vite",
      "link": true
    },
    "node_modules/vitest": {
      "resolved": "../node_modules/.pnpm/vitest@3.2.4_@types+node@22.19.19_jiti@2.7.0_jsdom@29.1.1_@noble+hashes@1.8.0__lightningcss@1.32.0_tsx@4.22.0/node_modules/vitest",
      "link": true
    }
  }
}
